
Microsoft Visual Studio Solution File, Format Version 12.00
# Visual Studio Version 17
VisualStudioVersion = 17.14.36511.14 d17.14
MinimumVisualStudioVersion = 10.0.40219.1
Project("{FAE04EC0-301F-11D3-BF4B-00C04F79EFBC}") = "activity", "activity.csproj", "{BA5D84BD-2419-4660-9CFE-A6EA3F3B210F}"
EndProject
Global
	GlobalSection(SolutionConfigurationPlatforms) = preSolution
		Debug|Any CPU = Debug|Any CPU
		Release|Any CPU = Release|Any CPU
	EndGlobalSection
	GlobalSection(ProjectConfigurationPlatforms) = postSolution
		{BA5D84BD-2419-4660-9CFE-A6EA3F3B210F}.Debug|Any CPU.ActiveCfg = Debug|Any CPU
		{BA5D84BD-2419-4660-9CFE-A6EA3F3B210F}.Debug|Any CPU.Build.0 = Debug|Any CPU
		{BA5D84BD-2419-4660-9CFE-A6EA3F3B210F}.Release|Any CPU.ActiveCfg = Release|Any CPU
		{BA5D84BD-2419-4660-9CFE-A6EA3F3B210F}.Release|Any CPU.Build.0 = Release|Any CPU
	EndGlobalSection
	GlobalSection(SolutionProperties) = preSolution
		HideSolutionNode = FALSE
	EndGlobalSection
	GlobalSection(ExtensibilityGlobals) = postSolution
		SolutionGuid = {34BFDC44-E950-4932-8105-4B86D0096995}
	EndGlobalSection
EndGlobal
